{
  "nodes": {
    "nixpkgs": {
      "locked": {
        "lastModified": 1734884436,
        "narHash": "sha256-iyvJqLueFayQIXUl/T2UnHpybuCbtR7HzoL8HMCUl/A=",
        "owner": "NixOS",
        "repo": "nixpkgs",
        "rev": "88cfe2e3cf3dcbacf782d444434da3436e92a1f4",
        "type": "github"
      },
      "original": {
        "owner": "NixOS",
        "repo": "nixpkgs",
        "type": "github"
      }
    },
    "root": {
      "inputs": {
        "nixpkgs": "nixpkgs",
        "rust-overlay": "rust-overlay"
      }
    },
    "rust-overlay": {
      "inputs": {
        "nixpkgs": [
          "nixpkgs"
        ]
      },
      "locked": {
        "lastModified": 1734834660,
        "narHash": "sha256-bm8V+Cu8rWJA+vKQnc94mXTpSDgvedyoDKxTVi/uJfw=",
        "owner": "oxalica",
        "repo": "rust-overlay",
        "rev": "b070e6030118680977bc2388868c4b3963872134",
        "type": "github"
      },
      "original": {
        "owner": "oxalica",
        "repo": "rust-overlay",
        "type": "github"
      }
    }
  },
  "root": "root",
  "version": 7
}
